// !$*UTF8*$!
{
	archiveVersion = 1;
	classes = {
	};
	objectVersion = 50;
	objects = {

/* Begin PBXBuildFile section */
		BFFAFB00983779B7B9AF7550 /* Pods_Paragliding.framework in Frameworks */ = {isa = PBXBuildFile; fileRef = 270DCC5434EF734E66F6272D /* Pods_Paragliding.framework */; };
		F427CD3B21CFCE8E007575F4 /* OrientationsView.swift in Sources */ = {isa = PBXBuildFile; fileRef = F427CD3A21CFCE8D007575F4 /* OrientationsView.swift */; };
		F42AC92221C056DE00938786 /* MapViewModel.swift in Sources */ = {isa = PBXBuildFile; fileRef = F42AC92121C056DE00938786 /* MapViewModel.swift */; };
		F431912821C07CAC006F787A /* ASMGLMapView.swift in Sources */ = {isa = PBXBuildFile; fileRef = F431912721C07CAC006F787A /* ASMGLMapView.swift */; };
		F431912921C07E08006F787A /* Main.storyboard in Resources */ = {isa = PBXBuildFile; fileRef = F4D00D8F21A9BEA400649DC5 /* Main.storyboard */; };
		F437C72921BB43E70075F8BE /* Strings.swift in Sources */ = {isa = PBXBuildFile; fileRef = F437C72821BB43E70075F8BE /* Strings.swift */; };
		F44BD11D21C5944B00D6BF38 /* UIColor+Zeplin.swift in Sources */ = {isa = PBXBuildFile; fileRef = F44BD11C21C5944B00D6BF38 /* UIColor+Zeplin.swift */; };
		F44BD11F21C596CB00D6BF38 /* ClusterAnnotationView.swift in Sources */ = {isa = PBXBuildFile; fileRef = F44BD11E21C596CB00D6BF38 /* ClusterAnnotationView.swift */; };
		F44BD12121C59AAB00D6BF38 /* UIFont+Zeplin.swift in Sources */ = {isa = PBXBuildFile; fileRef = F44BD12021C59AAB00D6BF38 /* UIFont+Zeplin.swift */; };
		F459FAD321AF556E007BD86C /* AppDelegate.swift in Sources */ = {isa = PBXBuildFile; fileRef = F459FAD221AF556E007BD86C /* AppDelegate.swift */; };
		F45F96FE21EAA2F000916888 /* SearchViewModel.swift in Sources */ = {isa = PBXBuildFile; fileRef = F45F96FD21EAA2F000916888 /* SearchViewModel.swift */; };
		F45F970621EAB0D300916888 /* MainTabBarViewController.swift in Sources */ = {isa = PBXBuildFile; fileRef = F45F970521EAB0D300916888 /* MainTabBarViewController.swift */; };
		F45F970D21EAB21A00916888 /* SBSegues.swift in Sources */ = {isa = PBXBuildFile; fileRef = F45F970B21EAB21900916888 /* SBSegues.swift */; };
		F45F970E21EAB21A00916888 /* SBScenes.swift in Sources */ = {isa = PBXBuildFile; fileRef = F45F970C21EAB21A00916888 /* SBScenes.swift */; };
		F4606EF021EE90FC006CC649 /* LaunchScreen.xib in Resources */ = {isa = PBXBuildFile; fileRef = F4606EEF21EE90FC006CC649 /* LaunchScreen.xib */; };
		F462BEBD21D27D41008A4457 /* SearchViewController.swift in Sources */ = {isa = PBXBuildFile; fileRef = F462BEBC21D27D41008A4457 /* SearchViewController.swift */; };
		F46D900A21BB2616005D9849 /* UIAlertControllerExtension.swift in Sources */ = {isa = PBXBuildFile; fileRef = F46D900921BB2615005D9849 /* UIAlertControllerExtension.swift */; };
		F46D900D21BB33C0005D9849 /* swiftgen.yml in Resources */ = {isa = PBXBuildFile; fileRef = F46D900C21BB33C0005D9849 /* swiftgen.yml */; };
		F46D902321BB3EDD005D9849 /* Localizable.strings in Resources */ = {isa = PBXBuildFile; fileRef = F46D902521BB3EDD005D9849 /* Localizable.strings */; };
		F490DAC821C144A000FBAFFF /* Assets.swift in Sources */ = {isa = PBXBuildFile; fileRef = F490DAC721C144A000FBAFFF /* Assets.swift */; };
		F4BDE66D21B5E7C200E7FA39 /* Site.swift in Sources */ = {isa = PBXBuildFile; fileRef = F4BDE66C21B5E7C200E7FA39 /* Site.swift */; };
		F4BDE66F21B5F0F400E7FA39 /* FFVLSite.swift in Sources */ = {isa = PBXBuildFile; fileRef = F4BDE66E21B5F0F400E7FA39 /* FFVLSite.swift */; };
		F4D00D9321A9BEA400649DC5 /* Assets.xcassets in Resources */ = {isa = PBXBuildFile; fileRef = F4D00D9221A9BEA400649DC5 /* Assets.xcassets */; };
		F4E384B721B1FFAB009FF8C1 /* Map.storyboard in Resources */ = {isa = PBXBuildFile; fileRef = F4E384B621B1FFAB009FF8C1 /* Map.storyboard */; };
		F4E7798D21C59FE8004C4AD6 /* Roboto-Black.ttf in Resources */ = {isa = PBXBuildFile; fileRef = F4E7798B21C59D56004C4AD6 /* Roboto-Black.ttf */; };
		F4E7798E21C59FE8004C4AD6 /* Roboto-BlackItalic.ttf in Resources */ = {isa = PBXBuildFile; fileRef = F4E7798321C59D55004C4AD6 /* Roboto-BlackItalic.ttf */; };
		F4E7798F21C59FE8004C4AD6 /* Roboto-Bold.ttf in Resources */ = {isa = PBXBuildFile; fileRef = F4E7798721C59D55004C4AD6 /* Roboto-Bold.ttf */; };
		F4E7799021C59FE8004C4AD6 /* Roboto-BoldItalic.ttf in Resources */ = {isa = PBXBuildFile; fileRef = F4E7798221C59D55004C4AD6 /* Roboto-BoldItalic.ttf */; };
		F4E7799121C59FE8004C4AD6 /* Roboto-Italic.ttf in Resources */ = {isa = PBXBuildFile; fileRef = F4E7798421C59D55004C4AD6 /* Roboto-Italic.ttf */; };
		F4E7799221C59FE8004C4AD6 /* Roboto-Light.ttf in Resources */ = {isa = PBXBuildFile; fileRef = F4E7798821C59D55004C4AD6 /* Roboto-Light.ttf */; };
		F4E7799321C59FE8004C4AD6 /* Roboto-LightItalic.ttf in Resources */ = {isa = PBXBuildFile; fileRef = F4E7798521C59D55004C4AD6 /* Roboto-LightItalic.ttf */; };
		F4E7799421C59FE8004C4AD6 /* Roboto-Medium.ttf in Resources */ = {isa = PBXBuildFile; fileRef = F4E7798121C59D54004C4AD6 /* Roboto-Medium.ttf */; };
		F4E7799521C59FE8004C4AD6 /* Roboto-MediumItalic.ttf in Resources */ = {isa = PBXBuildFile; fileRef = F4E7798621C59D55004C4AD6 /* Roboto-MediumItalic.ttf */; };
		F4E7799621C59FE8004C4AD6 /* Roboto-Regular.ttf in Resources */ = {isa = PBXBuildFile; fileRef = F4E7798921C59D55004C4AD6 /* Roboto-Regular.ttf */; };
		F4E7799721C59FE8004C4AD6 /* Roboto-Thin.ttf in Resources */ = {isa = PBXBuildFile; fileRef = F4E7798C21C59D56004C4AD6 /* Roboto-Thin.ttf */; };
		F4E7799821C59FE8004C4AD6 /* Roboto-ThinItalic.ttf in Resources */ = {isa = PBXBuildFile; fileRef = F4E7798A21C59D56004C4AD6 /* Roboto-ThinItalic.ttf */; };
		F4E7799A21C5B4BB004C4AD6 /* SiteAnnotationView.swift in Sources */ = {isa = PBXBuildFile; fileRef = F4E7799921C5B4BB004C4AD6 /* SiteAnnotationView.swift */; };
		F4E7799C21C5C39F004C4AD6 /* SiteAnnotationViewModel.swift in Sources */ = {isa = PBXBuildFile; fileRef = F4E7799B21C5C39F004C4AD6 /* SiteAnnotationViewModel.swift */; };
		F4F9F60D21B713230061DA48 /* FFVLAPI.swift in Sources */ = {isa = PBXBuildFile; fileRef = F4F9F60C21B713230061DA48 /* FFVLAPI.swift */; };
		F4F9F61021B719040061DA48 /* FFVL-getSites.json in Resources */ = {isa = PBXBuildFile; fileRef = F4F9F60F21B719040061DA48 /* FFVL-getSites.json */; };
		F4F9F61221B71ABA0061DA48 /* MapViewController.swift in Sources */ = {isa = PBXBuildFile; fileRef = F4F9F61121B71ABA0061DA48 /* MapViewController.swift */; };
		F4F9F61521B71D230061DA48 /* APIHelper.swift in Sources */ = {isa = PBXBuildFile; fileRef = F4F9F61421B71D230061DA48 /* APIHelper.swift */; };
/* End PBXBuildFile section */

/* Begin PBXFileReference section */
		270DCC5434EF734E66F6272D /* Pods_Paragliding.framework */ = {isa = PBXFileReference; explicitFileType = wrapper.framework; includeInIndex = 0; path = Pods_Paragliding.framework; sourceTree = BUILT_PRODUCTS_DIR; };
		5E6B736CF89E84A411195B74 /* Pods-Paragliding.release.xcconfig */ = {isa = PBXFileReference; includeInIndex = 1; lastKnownFileType = text.xcconfig; name = "Pods-Paragliding.release.xcconfig"; path = "Pods/Target Support Files/Pods-Paragliding/Pods-Paragliding.release.xcconfig"; sourceTree = "<group>"; };
		70078B5D1A219AB4C09476CD /* Pods-Paragliding.debug.xcconfig */ = {isa = PBXFileReference; includeInIndex = 1; lastKnownFileType = text.xcconfig; name = "Pods-Paragliding.debug.xcconfig"; path = "Pods/Target Support Files/Pods-Paragliding/Pods-Paragliding.debug.xcconfig"; sourceTree = "<group>"; };
		F427CD3A21CFCE8D007575F4 /* OrientationsView.swift */ = {isa = PBXFileReference; lastKnownFileType = sourcecode.swift; path = OrientationsView.swift; sourceTree = "<group>"; };
		F42AC92121C056DE00938786 /* MapViewModel.swift */ = {isa = PBXFileReference; lastKnownFileType = sourcecode.swift; path = MapViewModel.swift; sourceTree = "<group>"; };
		F431912721C07CAC006F787A /* ASMGLMapView.swift */ = {isa = PBXFileReference; lastKnownFileType = sourcecode.swift; path = ASMGLMapView.swift; sourceTree = "<group>"; };
		F437C72821BB43E70075F8BE /* Strings.swift */ = {isa = PBXFileReference; fileEncoding = 4; lastKnownFileType = sourcecode.swift; path = Strings.swift; sourceTree = "<group>"; };
		F44BD11C21C5944B00D6BF38 /* UIColor+Zeplin.swift */ = {isa = PBXFileReference; fileEncoding = 4; lastKnownFileType = sourcecode.swift; path = "UIColor+Zeplin.swift"; sourceTree = "<group>"; };
		F44BD11E21C596CB00D6BF38 /* ClusterAnnotationView.swift */ = {isa = PBXFileReference; lastKnownFileType = sourcecode.swift; path = ClusterAnnotationView.swift; sourceTree = "<group>"; };
		F44BD12021C59AAB00D6BF38 /* UIFont+Zeplin.swift */ = {isa = PBXFileReference; fileEncoding = 4; lastKnownFileType = sourcecode.swift; path = "UIFont+Zeplin.swift"; sourceTree = "<group>"; };
		F459FAD221AF556E007BD86C /* AppDelegate.swift */ = {isa = PBXFileReference; fileEncoding = 4; lastKnownFileType = sourcecode.swift; path = AppDelegate.swift; sourceTree = "<group>"; };
		F45F96FD21EAA2F000916888 /* SearchViewModel.swift */ = {isa = PBXFileReference; lastKnownFileType = sourcecode.swift; path = SearchViewModel.swift; sourceTree = "<group>"; };
		F45F970521EAB0D300916888 /* MainTabBarViewController.swift */ = {isa = PBXFileReference; lastKnownFileType = sourcecode.swift; path = MainTabBarViewController.swift; sourceTree = "<group>"; };
		F45F970B21EAB21900916888 /* SBSegues.swift */ = {isa = PBXFileReference; fileEncoding = 4; lastKnownFileType = sourcecode.swift; path = SBSegues.swift; sourceTree = "<group>"; };
		F45F970C21EAB21A00916888 /* SBScenes.swift */ = {isa = PBXFileReference; fileEncoding = 4; lastKnownFileType = sourcecode.swift; path = SBScenes.swift; sourceTree = "<group>"; };
		F4606EEF21EE90FC006CC649 /* LaunchScreen.xib */ = {isa = PBXFileReference; lastKnownFileType = file.xib; path = LaunchScreen.xib; sourceTree = "<group>"; };
		F462BEBC21D27D41008A4457 /* SearchViewController.swift */ = {isa = PBXFileReference; lastKnownFileType = sourcecode.swift; path = SearchViewController.swift; sourceTree = "<group>"; };
		F46D900921BB2615005D9849 /* UIAlertControllerExtension.swift */ = {isa = PBXFileReference; lastKnownFileType = sourcecode.swift; name = UIAlertControllerExtension.swift; path = Paragliding/Utils/Extensions/UIAlertControllerExtension.swift; sourceTree = SOURCE_ROOT; };
		F46D900C21BB33C0005D9849 /* swiftgen.yml */ = {isa = PBXFileReference; lastKnownFileType = text; path = swiftgen.yml; sourceTree = "<group>"; };
		F46D902421BB3EDD005D9849 /* en */ = {isa = PBXFileReference; lastKnownFileType = text.plist.strings; name = en; path = en.lproj/Localizable.strings; sourceTree = "<group>"; };
		F46D902621BB3EE0005D9849 /* fr */ = {isa = PBXFileReference; lastKnownFileType = text.plist.strings; name = fr; path = fr.lproj/Localizable.strings; sourceTree = "<group>"; };
		F490DAC721C144A000FBAFFF /* Assets.swift */ = {isa = PBXFileReference; fileEncoding = 4; lastKnownFileType = sourcecode.swift; path = Assets.swift; sourceTree = "<group>"; };
		F4BDE66C21B5E7C200E7FA39 /* Site.swift */ = {isa = PBXFileReference; lastKnownFileType = sourcecode.swift; path = Site.swift; sourceTree = "<group>"; };
		F4BDE66E21B5F0F400E7FA39 /* FFVLSite.swift */ = {isa = PBXFileReference; lastKnownFileType = sourcecode.swift; path = FFVLSite.swift; sourceTree = "<group>"; };
		F4D00D8821A9BEA400649DC5 /* Paragliding.app */ = {isa = PBXFileReference; explicitFileType = wrapper.application; includeInIndex = 0; path = Paragliding.app; sourceTree = BUILT_PRODUCTS_DIR; };
		F4D00D9021A9BEA400649DC5 /* Base */ = {isa = PBXFileReference; lastKnownFileType = file.storyboard; name = Base; path = Base.lproj/Main.storyboard; sourceTree = "<group>"; };
		F4D00D9221A9BEA400649DC5 /* Assets.xcassets */ = {isa = PBXFileReference; lastKnownFileType = folder.assetcatalog; path = Assets.xcassets; sourceTree = "<group>"; };
		F4D00D9721A9BEA400649DC5 /* Info.plist */ = {isa = PBXFileReference; lastKnownFileType = text.plist.xml; path = Info.plist; sourceTree = "<group>"; };
		F4E384B621B1FFAB009FF8C1 /* Map.storyboard */ = {isa = PBXFileReference; lastKnownFileType = file.storyboard; path = Map.storyboard; sourceTree = "<group>"; };
		F4E384B821B20BE9009FF8C1 /* README.md */ = {isa = PBXFileReference; lastKnownFileType = net.daringfireball.markdown; path = README.md; sourceTree = "<group>"; };
		F4E7798121C59D54004C4AD6 /* Roboto-Medium.ttf */ = {isa = PBXFileReference; lastKnownFileType = file; path = "Roboto-Medium.ttf"; sourceTree = "<group>"; };
		F4E7798221C59D55004C4AD6 /* Roboto-BoldItalic.ttf */ = {isa = PBXFileReference; lastKnownFileType = file; path = "Roboto-BoldItalic.ttf"; sourceTree = "<group>"; };
		F4E7798321C59D55004C4AD6 /* Roboto-BlackItalic.ttf */ = {isa = PBXFileReference; lastKnownFileType = file; path = "Roboto-BlackItalic.ttf"; sourceTree = "<group>"; };
		F4E7798421C59D55004C4AD6 /* Roboto-Italic.ttf */ = {isa = PBXFileReference; lastKnownFileType = file; path = "Roboto-Italic.ttf"; sourceTree = "<group>"; };
		F4E7798521C59D55004C4AD6 /* Roboto-LightItalic.ttf */ = {isa = PBXFileReference; lastKnownFileType = file; path = "Roboto-LightItalic.ttf"; sourceTree = "<group>"; };
		F4E7798621C59D55004C4AD6 /* Roboto-MediumItalic.ttf */ = {isa = PBXFileReference; lastKnownFileType = file; path = "Roboto-MediumItalic.ttf"; sourceTree = "<group>"; };
		F4E7798721C59D55004C4AD6 /* Roboto-Bold.ttf */ = {isa = PBXFileReference; lastKnownFileType = file; path = "Roboto-Bold.ttf"; sourceTree = "<group>"; };
		F4E7798821C59D55004C4AD6 /* Roboto-Light.ttf */ = {isa = PBXFileReference; lastKnownFileType = file; path = "Roboto-Light.ttf"; sourceTree = "<group>"; };
		F4E7798921C59D55004C4AD6 /* Roboto-Regular.ttf */ = {isa = PBXFileReference; lastKnownFileType = file; path = "Roboto-Regular.ttf"; sourceTree = "<group>"; };
		F4E7798A21C59D56004C4AD6 /* Roboto-ThinItalic.ttf */ = {isa = PBXFileReference; lastKnownFileType = file; path = "Roboto-ThinItalic.ttf"; sourceTree = "<group>"; };
		F4E7798B21C59D56004C4AD6 /* Roboto-Black.ttf */ = {isa = PBXFileReference; lastKnownFileType = file; path = "Roboto-Black.ttf"; sourceTree = "<group>"; };
		F4E7798C21C59D56004C4AD6 /* Roboto-Thin.ttf */ = {isa = PBXFileReference; lastKnownFileType = file; path = "Roboto-Thin.ttf"; sourceTree = "<group>"; };
		F4E7799921C5B4BB004C4AD6 /* SiteAnnotationView.swift */ = {isa = PBXFileReference; lastKnownFileType = sourcecode.swift; path = SiteAnnotationView.swift; sourceTree = "<group>"; };
		F4E7799B21C5C39F004C4AD6 /* SiteAnnotationViewModel.swift */ = {isa = PBXFileReference; lastKnownFileType = sourcecode.swift; path = SiteAnnotationViewModel.swift; sourceTree = "<group>"; };
		F4F9F60C21B713230061DA48 /* FFVLAPI.swift */ = {isa = PBXFileReference; lastKnownFileType = sourcecode.swift; path = FFVLAPI.swift; sourceTree = "<group>"; };
		F4F9F60F21B719040061DA48 /* FFVL-getSites.json */ = {isa = PBXFileReference; lastKnownFileType = text.json; path = "FFVL-getSites.json"; sourceTree = "<group>"; };
		F4F9F61121B71ABA0061DA48 /* MapViewController.swift */ = {isa = PBXFileReference; lastKnownFileType = sourcecode.swift; path = MapViewController.swift; sourceTree = "<group>"; };
		F4F9F61421B71D230061DA48 /* APIHelper.swift */ = {isa = PBXFileReference; lastKnownFileType = sourcecode.swift; path = APIHelper.swift; sourceTree = "<group>"; };
/* End PBXFileReference section */

/* Begin PBXFrameworksBuildPhase section */
		F4D00D8521A9BEA400649DC5 /* Frameworks */ = {
			isa = PBXFrameworksBuildPhase;
			buildActionMask = 2147483647;
			files = (
				BFFAFB00983779B7B9AF7550 /* Pods_Paragliding.framework in Frameworks */,
			);
			runOnlyForDeploymentPostprocessing = 0;
		};
/* End PBXFrameworksBuildPhase section */

/* Begin PBXGroup section */
		2406BF66A46008D1C8E36E74 /* Frameworks */ = {
			isa = PBXGroup;
			children = (
				270DCC5434EF734E66F6272D /* Pods_Paragliding.framework */,
			);
			name = Frameworks;
			sourceTree = "<group>";
		};
		6ADC87A38203B569F93743FF /* Pods */ = {
			isa = PBXGroup;
			children = (
				70078B5D1A219AB4C09476CD /* Pods-Paragliding.debug.xcconfig */,
				5E6B736CF89E84A411195B74 /* Pods-Paragliding.release.xcconfig */,
			);
			name = Pods;
			sourceTree = "<group>";
		};
		F437C72721BB40350075F8BE /* Generated */ = {
			isa = PBXGroup;
			children = (
				F490DAC721C144A000FBAFFF /* Assets.swift */,
				F437C72821BB43E70075F8BE /* Strings.swift */,
				F45F970C21EAB21A00916888 /* SBScenes.swift */,
				F45F970B21EAB21900916888 /* SBSegues.swift */,
			);
			path = Generated;
			sourceTree = "<group>";
		};
		F44BD11B21C5940300D6BF38 /* Extensions */ = {
			isa = PBXGroup;
			children = (
				F46D900921BB2615005D9849 /* UIAlertControllerExtension.swift */,
				F44BD11C21C5944B00D6BF38 /* UIColor+Zeplin.swift */,
				F44BD12021C59AAB00D6BF38 /* UIFont+Zeplin.swift */,
			);
			path = Extensions;
			sourceTree = "<group>";
		};
		F459FAD421AF55D0007BD86C /* Resources */ = {
			isa = PBXGroup;
			children = (
				F4E7798021C59D4B004C4AD6 /* Fonts */,
				F4606EEF21EE90FC006CC649 /* LaunchScreen.xib */,
				F459FAD221AF556E007BD86C /* AppDelegate.swift */,
				F4D00D9221A9BEA400649DC5 /* Assets.xcassets */,
				F46D902521BB3EDD005D9849 /* Localizable.strings */,
			);
			path = Resources;
			sourceTree = "<group>";
		};
		F45F96FF21EAA31100916888 /* Epics */ = {
			isa = PBXGroup;
			children = (
				F45F970421EAB0B000916888 /* TabBar */,
				F45F970021EAA32600916888 /* Map */,
				F45F970121EAA34F00916888 /* Search */,
			);
			path = Epics;
			sourceTree = "<group>";
		};
		F45F970021EAA32600916888 /* Map */ = {
			isa = PBXGroup;
			children = (
				F4E384B621B1FFAB009FF8C1 /* Map.storyboard */,
				F4F9F61121B71ABA0061DA48 /* MapViewController.swift */,
				F42AC92121C056DE00938786 /* MapViewModel.swift */,
				F4E7799921C5B4BB004C4AD6 /* SiteAnnotationView.swift */,
				F4E7799B21C5C39F004C4AD6 /* SiteAnnotationViewModel.swift */,
				F44BD11E21C596CB00D6BF38 /* ClusterAnnotationView.swift */,
				F427CD3A21CFCE8D007575F4 /* OrientationsView.swift */,
			);
			path = Map;
			sourceTree = "<group>";
		};
		F45F970121EAA34F00916888 /* Search */ = {
			isa = PBXGroup;
			children = (
				F462BEBC21D27D41008A4457 /* SearchViewController.swift */,
				F45F96FD21EAA2F000916888 /* SearchViewModel.swift */,
			);
			path = Search;
			sourceTree = "<group>";
		};
		F45F970421EAB0B000916888 /* TabBar */ = {
			isa = PBXGroup;
			children = (
				F4D00D8F21A9BEA400649DC5 /* Main.storyboard */,
				F45F970521EAB0D300916888 /* MainTabBarViewController.swift */,
			);
			path = TabBar;
			sourceTree = "<group>";
		};
		F4BDE67021B5F18C00E7FA39 /* Sites */ = {
			isa = PBXGroup;
			children = (
				F4BDE66C21B5E7C200E7FA39 /* Site.swift */,
				F4BDE66E21B5F0F400E7FA39 /* FFVLSite.swift */,
			);
			path = Sites;
			sourceTree = "<group>";
		};
		F4D00D7F21A9BEA400649DC5 = {
			isa = PBXGroup;
			children = (
				F4D00D8A21A9BEA400649DC5 /* Paragliding */,
				F4D00D8921A9BEA400649DC5 /* Products */,
				6ADC87A38203B569F93743FF /* Pods */,
				2406BF66A46008D1C8E36E74 /* Frameworks */,
			);
			sourceTree = "<group>";
		};
		F4D00D8921A9BEA400649DC5 /* Products */ = {
			isa = PBXGroup;
			children = (
				F4D00D8821A9BEA400649DC5 /* Paragliding.app */,
			);
			name = Products;
			sourceTree = "<group>";
		};
		F4D00D8A21A9BEA400649DC5 /* Paragliding */ = {
			isa = PBXGroup;
			children = (
				F4D00D9721A9BEA400649DC5 /* Info.plist */,
				F4F9F60B21B712FA0061DA48 /* Network */,
				F4E384B121B1FD09009FF8C1 /* Model */,
				F45F96FF21EAA31100916888 /* Epics */,
				F4E384B421B1FD4E009FF8C1 /* Utils */,
				F459FAD421AF55D0007BD86C /* Resources */,
				F437C72721BB40350075F8BE /* Generated */,
				F4E384B821B20BE9009FF8C1 /* README.md */,
				F46D900C21BB33C0005D9849 /* swiftgen.yml */,
			);
			path = Paragliding;
			sourceTree = "<group>";
		};
		F4E384B121B1FD09009FF8C1 /* Model */ = {
			isa = PBXGroup;
			children = (
				F4BDE67021B5F18C00E7FA39 /* Sites */,
			);
			path = Model;
			sourceTree = "<group>";
		};
		F4E384B421B1FD4E009FF8C1 /* Utils */ = {
			isa = PBXGroup;
			children = (
				F44BD11B21C5940300D6BF38 /* Extensions */,
				F431912721C07CAC006F787A /* ASMGLMapView.swift */,
			);
			path = Utils;
			sourceTree = "<group>";
		};
		F4E7798021C59D4B004C4AD6 /* Fonts */ = {
			isa = PBXGroup;
			children = (
				F4E7798B21C59D56004C4AD6 /* Roboto-Black.ttf */,
				F4E7798321C59D55004C4AD6 /* Roboto-BlackItalic.ttf */,
				F4E7798721C59D55004C4AD6 /* Roboto-Bold.ttf */,
				F4E7798221C59D55004C4AD6 /* Roboto-BoldItalic.ttf */,
				F4E7798421C59D55004C4AD6 /* Roboto-Italic.ttf */,
				F4E7798821C59D55004C4AD6 /* Roboto-Light.ttf */,
				F4E7798521C59D55004C4AD6 /* Roboto-LightItalic.ttf */,
				F4E7798121C59D54004C4AD6 /* Roboto-Medium.ttf */,
				F4E7798621C59D55004C4AD6 /* Roboto-MediumItalic.ttf */,
				F4E7798921C59D55004C4AD6 /* Roboto-Regular.ttf */,
				F4E7798C21C59D56004C4AD6 /* Roboto-Thin.ttf */,
				F4E7798A21C59D56004C4AD6 /* Roboto-ThinItalic.ttf */,
			);
			path = Fonts;
			sourceTree = "<group>";
		};
		F4F9F60B21B712FA0061DA48 /* Network */ = {
			isa = PBXGroup;
			children = (
				F4F9F61421B71D230061DA48 /* APIHelper.swift */,
				F4F9F61321B71CFD0061DA48 /* APIProviders */,
			);
			path = Network;
			sourceTree = "<group>";
		};
		F4F9F60E21B718590061DA48 /* Stubs */ = {
			isa = PBXGroup;
			children = (
				F4F9F60F21B719040061DA48 /* FFVL-getSites.json */,
			);
			path = Stubs;
			sourceTree = "<group>";
		};
		F4F9F61321B71CFD0061DA48 /* APIProviders */ = {
			isa = PBXGroup;
			children = (
				F4F9F60C21B713230061DA48 /* FFVLAPI.swift */,
				F4F9F60E21B718590061DA48 /* Stubs */,
			);
			path = APIProviders;
			sourceTree = "<group>";
		};
/* End PBXGroup section */

/* Begin PBXNativeTarget section */
		F4D00D8721A9BEA400649DC5 /* Paragliding */ = {
			isa = PBXNativeTarget;
			buildConfigurationList = F4D00D9A21A9BEA400649DC5 /* Build configuration list for PBXNativeTarget "Paragliding" */;
			buildPhases = (
				54787E8FC1168C2389B0FAAD /* [CP] Check Pods Manifest.lock */,
				F46D900B21BB3377005D9849 /* SwiftGen */,
				F4D00D8421A9BEA400649DC5 /* Sources */,
				F4D00D8521A9BEA400649DC5 /* Frameworks */,
				F4D00D8621A9BEA400649DC5 /* Resources */,
				283E755D54D165A0D1B51B2B /* [CP] Embed Pods Frameworks */,
			);
			buildRules = (
			);
			dependencies = (
			);
			name = Paragliding;
			productName = Paragliding;
			productReference = F4D00D8821A9BEA400649DC5 /* Paragliding.app */;
			productType = "com.apple.product-type.application";
		};
/* End PBXNativeTarget section */

/* Begin PBXProject section */
		F4D00D8021A9BEA400649DC5 /* Project object */ = {
			isa = PBXProject;
			attributes = {
				LastSwiftUpdateCheck = 1010;
				LastUpgradeCheck = 1010;
				ORGANIZATIONNAME = "Stéphane Azzopardi";
				TargetAttributes = {
					F4D00D8721A9BEA400649DC5 = {
						CreatedOnToolsVersion = 10.1;
					};
				};
			};
			buildConfigurationList = F4D00D8321A9BEA400649DC5 /* Build configuration list for PBXProject "Paragliding" */;
			compatibilityVersion = "Xcode 9.3";
			developmentRegion = en;
			hasScannedForEncodings = 0;
			knownRegions = (
				en,
				Base,
				fr,
			);
			mainGroup = F4D00D7F21A9BEA400649DC5;
			productRefGroup = F4D00D8921A9BEA400649DC5 /* Products */;
			projectDirPath = "";
			projectRoot = "";
			targets = (
				F4D00D8721A9BEA400649DC5 /* Paragliding */,
			);
		};
/* End PBXProject section */

/* Begin PBXResourcesBuildPhase section */
		F4D00D8621A9BEA400649DC5 /* Resources */ = {
			isa = PBXResourcesBuildPhase;
			buildActionMask = 2147483647;
			files = (
				F431912921C07E08006F787A /* Main.storyboard in Resources */,
				F4E7799121C59FE8004C4AD6 /* Roboto-Italic.ttf in Resources */,
				F4E7799321C59FE8004C4AD6 /* Roboto-LightItalic.ttf in Resources */,
				F4E7799021C59FE8004C4AD6 /* Roboto-BoldItalic.ttf in Resources */,
				F4E7799421C59FE8004C4AD6 /* Roboto-Medium.ttf in Resources */,
				F4E7798F21C59FE8004C4AD6 /* Roboto-Bold.ttf in Resources */,
				F4D00D9321A9BEA400649DC5 /* Assets.xcassets in Resources */,
				F4E7799721C59FE8004C4AD6 /* Roboto-Thin.ttf in Resources */,
				F4E7798D21C59FE8004C4AD6 /* Roboto-Black.ttf in Resources */,
				F4E7798E21C59FE8004C4AD6 /* Roboto-BlackItalic.ttf in Resources */,
				F4F9F61021B719040061DA48 /* FFVL-getSites.json in Resources */,
				F4E7799221C59FE8004C4AD6 /* Roboto-Light.ttf in Resources */,
				F4E7799521C59FE8004C4AD6 /* Roboto-MediumItalic.ttf in Resources */,
				F46D902321BB3EDD005D9849 /* Localizable.strings in Resources */,
				F4E7799621C59FE8004C4AD6 /* Roboto-Regular.ttf in Resources */,
				F4E7799821C59FE8004C4AD6 /* Roboto-ThinItalic.ttf in Resources */,
				F4E384B721B1FFAB009FF8C1 /* Map.storyboard in Resources */,
				F4606EF021EE90FC006CC649 /* LaunchScreen.xib in Resources */,
				F46D900D21BB33C0005D9849 /* swiftgen.yml in Resources */,
			);
			runOnlyForDeploymentPostprocessing = 0;
		};
/* End PBXResourcesBuildPhase section */

/* Begin PBXShellScriptBuildPhase section */
		283E755D54D165A0D1B51B2B /* [CP] Embed Pods Frameworks */ = {
			isa = PBXShellScriptBuildPhase;
			buildActionMask = 2147483647;
			files = (
			);
			inputFileListPaths = (
			);
			inputPaths = (
				"${SRCROOT}/Pods/Target Support Files/Pods-Paragliding/Pods-Paragliding-frameworks.sh",
				"${BUILT_PRODUCTS_DIR}/Alamofire/Alamofire.framework",
				"${BUILT_PRODUCTS_DIR}/ClusterKit/ClusterKit.framework",
				"${PODS_ROOT}/Mapbox-iOS-SDK/dynamic/Mapbox.framework",
				"${PODS_ROOT}/Mapbox-iOS-SDK/dynamic/Mapbox.framework.dSYM",
				"${BUILT_PRODUCTS_DIR}/Moya/Moya.framework",
				"${BUILT_PRODUCTS_DIR}/Moya-SwiftyJSONMapper/Moya_SwiftyJSONMapper.framework",
				"${BUILT_PRODUCTS_DIR}/Pulley/Pulley.framework",
				"${BUILT_PRODUCTS_DIR}/Result/Result.framework",
				"${BUILT_PRODUCTS_DIR}/SwifterSwift/SwifterSwift.framework",
				"${BUILT_PRODUCTS_DIR}/SwiftyJSON/SwiftyJSON.framework",
			);
			name = "[CP] Embed Pods Frameworks";
			outputFileListPaths = (
			);
			outputPaths = (
				"${TARGET_BUILD_DIR}/${FRAMEWORKS_FOLDER_PATH}/Alamofire.framework",
				"${TARGET_BUILD_DIR}/${FRAMEWORKS_FOLDER_PATH}/ClusterKit.framework",
				"${TARGET_BUILD_DIR}/${FRAMEWORKS_FOLDER_PATH}/Mapbox.framework",
				"${DWARF_DSYM_FOLDER_PATH}/Mapbox.framework.dSYM",
				"${TARGET_BUILD_DIR}/${FRAMEWORKS_FOLDER_PATH}/Moya.framework",
				"${TARGET_BUILD_DIR}/${FRAMEWORKS_FOLDER_PATH}/Moya_SwiftyJSONMapper.framework",
				"${TARGET_BUILD_DIR}/${FRAMEWORKS_FOLDER_PATH}/Pulley.framework",
				"${TARGET_BUILD_DIR}/${FRAMEWORKS_FOLDER_PATH}/Result.framework",
				"${TARGET_BUILD_DIR}/${FRAMEWORKS_FOLDER_PATH}/SwifterSwift.framework",
				"${TARGET_BUILD_DIR}/${FRAMEWORKS_FOLDER_PATH}/SwiftyJSON.framework",
			);
			runOnlyForDeploymentPostprocessing = 0;
			shellPath = /bin/sh;
			shellScript = "\"${SRCROOT}/Pods/Target Support Files/Pods-Paragliding/Pods-Paragliding-frameworks.sh\"\n";
			showEnvVarsInLog = 0;
		};
		54787E8FC1168C2389B0FAAD /* [CP] Check Pods Manifest.lock */ = {
			isa = PBXShellScriptBuildPhase;
			buildActionMask = 2147483647;
			files = (
			);
			inputFileListPaths = (
			);
			inputPaths = (
				"${PODS_PODFILE_DIR_PATH}/Podfile.lock",
				"${PODS_ROOT}/Manifest.lock",
			);
			name = "[CP] Check Pods Manifest.lock";
			outputFileListPaths = (
			);
			outputPaths = (
				"$(DERIVED_FILE_DIR)/Pods-Paragliding-checkManifestLockResult.txt",
			);
			runOnlyForDeploymentPostprocessing = 0;
			shellPath = /bin/sh;
			shellScript = "diff \"${PODS_PODFILE_DIR_PATH}/Podfile.lock\" \"${PODS_ROOT}/Manifest.lock\" > /dev/null\nif [ $? != 0 ] ; then\n    # print error to STDERR\n    echo \"error: The sandbox is not in sync with the Podfile.lock. Run 'pod install' or update your CocoaPods installation.\" >&2\n    exit 1\nfi\n# This output is used by Xcode 'outputs' to avoid re-running this script phase.\necho \"SUCCESS\" > \"${SCRIPT_OUTPUT_FILE_0}\"\n";
			showEnvVarsInLog = 0;
		};
		F46D900B21BB3377005D9849 /* SwiftGen */ = {
			isa = PBXShellScriptBuildPhase;
			buildActionMask = 2147483647;
			files = (
			);
			inputFileListPaths = (
			);
			inputPaths = (
			);
			name = SwiftGen;
			outputFileListPaths = (
			);
			outputPaths = (
			);
			runOnlyForDeploymentPostprocessing = 0;
			shellPath = /bin/sh;
			shellScript = "$PODS_ROOT/SwiftGen/bin/swiftgen config run --config ${SRCROOT}/Paragliding/swiftgen.yml\n";
		};
/* End PBXShellScriptBuildPhase section */

/* Begin PBXSourcesBuildPhase section */
		F4D00D8421A9BEA400649DC5 /* Sources */ = {
			isa = PBXSourcesBuildPhase;
			buildActionMask = 2147483647;
			files = (
				F44BD12121C59AAB00D6BF38 /* UIFont+Zeplin.swift in Sources */,
				F4F9F61521B71D230061DA48 /* APIHelper.swift in Sources */,
				F427CD3B21CFCE8E007575F4 /* OrientationsView.swift in Sources */,
				F44BD11D21C5944B00D6BF38 /* UIColor+Zeplin.swift in Sources */,
				F45F96FE21EAA2F000916888 /* SearchViewModel.swift in Sources */,
				F45F970621EAB0D300916888 /* MainTabBarViewController.swift in Sources */,
				F490DAC821C144A000FBAFFF /* Assets.swift in Sources */,
				F4E7799C21C5C39F004C4AD6 /* SiteAnnotationViewModel.swift in Sources */,
				F4BDE66D21B5E7C200E7FA39 /* Site.swift in Sources */,
				F45F970E21EAB21A00916888 /* SBScenes.swift in Sources */,
				F437C72921BB43E70075F8BE /* Strings.swift in Sources */,
				F459FAD321AF556E007BD86C /* AppDelegate.swift in Sources */,
				F431912821C07CAC006F787A /* ASMGLMapView.swift in Sources */,
				F4BDE66F21B5F0F400E7FA39 /* FFVLSite.swift in Sources */,
				F4F9F61221B71ABA0061DA48 /* MapViewController.swift in Sources */,
				F462BEBD21D27D41008A4457 /* SearchViewController.swift in Sources */,
				F4E7799A21C5B4BB004C4AD6 /* SiteAnnotationView.swift in Sources */,
				F4F9F60D21B713230061DA48 /* FFVLAPI.swift in Sources */,
				F46D900A21BB2616005D9849 /* UIAlertControllerExtension.swift in Sources */,
				F42AC92221C056DE00938786 /* MapViewModel.swift in Sources */,
				F44BD11F21C596CB00D6BF38 /* ClusterAnnotationView.swift in Sources */,
				F45F970D21EAB21A00916888 /* SBSegues.swift in Sources */,
			);
			runOnlyForDeploymentPostprocessing = 0;
		};
/* End PBXSourcesBuildPhase section */

/* Begin PBXVariantGroup section */
		F46D902521BB3EDD005D9849 /* Localizable.strings */ = {
			isa = PBXVariantGroup;
			children = (
				F46D902421BB3EDD005D9849 /* en */,
				F46D902621BB3EE0005D9849 /* fr */,
			);
			name = Localizable.strings;
			sourceTree = "<group>";
		};
		F4D00D8F21A9BEA400649DC5 /* Main.storyboard */ = {
			isa = PBXVariantGroup;
			children = (
				F4D00D9021A9BEA400649DC5 /* Base */,
			);
			name = Main.storyboard;
			sourceTree = "<group>";
		};
/* End PBXVariantGroup section */

/* Begin XCBuildConfiguration section */
		F4D00D9821A9BEA400649DC5 /* Debug */ = {
			isa = XCBuildConfiguration;
			buildSettings = {
				ALWAYS_SEARCH_USER_PATHS = NO;
				CLANG_ANALYZER_LOCALIZABILITY_NONLOCALIZED = YES;
				CLANG_ANALYZER_NONNULL = YES;
				CLANG_ANALYZER_NUMBER_OBJECT_CONVERSION = YES_AGGRESSIVE;
				CLANG_CXX_LANGUAGE_STANDARD = "gnu++14";
				CLANG_CXX_LIBRARY = "libc++";
				CLANG_ENABLE_MODULES = YES;
				CLANG_ENABLE_OBJC_ARC = YES;
				CLANG_ENABLE_OBJC_WEAK = YES;
				CLANG_WARN_BLOCK_CAPTURE_AUTORELEASING = YES;
				CLANG_WARN_BOOL_CONVERSION = YES;
				CLANG_WARN_COMMA = YES;
				CLANG_WARN_CONSTANT_CONVERSION = YES;
				CLANG_WARN_DEPRECATED_OBJC_IMPLEMENTATIONS = YES;
				CLANG_WARN_DIRECT_OBJC_ISA_USAGE = YES_ERROR;
				CLANG_WARN_DOCUMENTATION_COMMENTS = YES;
				CLANG_WARN_EMPTY_BODY = YES;
				CLANG_WARN_ENUM_CONVERSION = YES;
				CLANG_WARN_INFINITE_RECURSION = YES;
				CLANG_WARN_INT_CONVERSION = YES;
				CLANG_WARN_NON_LITERAL_NULL_CONVERSION = YES;
				CLANG_WARN_OBJC_IMPLICIT_RETAIN_SELF = YES;
				CLANG_WARN_OBJC_LITERAL_CONVERSION = YES;
				CLANG_WARN_OBJC_ROOT_CLASS = YES_ERROR;
				CLANG_WARN_RANGE_LOOP_ANALYSIS = YES;
				CLANG_WARN_STRICT_PROTOTYPES = YES;
				CLANG_WARN_SUSPICIOUS_MOVE = YES;
				CLANG_WARN_UNGUARDED_AVAILABILITY = YES_AGGRESSIVE;
				CLANG_WARN_UNREACHABLE_CODE = YES;
				CLANG_WARN__DUPLICATE_METHOD_MATCH = YES;
				CODE_SIGN_IDENTITY = "iPhone Developer";
				COPY_PHASE_STRIP = NO;
				DEBUG_INFORMATION_FORMAT = dwarf;
				ENABLE_STRICT_OBJC_MSGSEND = YES;
				ENABLE_TESTABILITY = YES;
				GCC_C_LANGUAGE_STANDARD = gnu11;
				GCC_DYNAMIC_NO_PIC = NO;
				GCC_NO_COMMON_BLOCKS = YES;
				GCC_OPTIMIZATION_LEVEL = 0;
				GCC_PREPROCESSOR_DEFINITIONS = (
					"DEBUG=1",
					"$(inherited)",
				);
				GCC_WARN_64_TO_32_BIT_CONVERSION = YES;
				GCC_WARN_ABOUT_RETURN_TYPE = YES_ERROR;
				GCC_WARN_UNDECLARED_SELECTOR = YES;
				GCC_WARN_UNINITIALIZED_AUTOS = YES_AGGRESSIVE;
				GCC_WARN_UNUSED_FUNCTION = YES;
				GCC_WARN_UNUSED_VARIABLE = YES;
				IPHONEOS_DEPLOYMENT_TARGET = 10.0;
				MTL_ENABLE_DEBUG_INFO = INCLUDE_SOURCE;
				MTL_FAST_MATH = YES;
				ONLY_ACTIVE_ARCH = YES;
				SDKROOT = iphoneos;
				SWIFT_ACTIVE_COMPILATION_CONDITIONS = DEBUG;
				SWIFT_OPTIMIZATION_LEVEL = "-Onone";
				VERSIONING_SYSTEM = "apple-generic";
			};
			name = Debug;
		};
		F4D00D9921A9BEA400649DC5 /* Release */ = {
			isa = XCBuildConfiguration;
			buildSettings = {
				ALWAYS_SEARCH_USER_PATHS = NO;
				CLANG_ANALYZER_LOCALIZABILITY_NONLOCALIZED = YES;
				CLANG_ANALYZER_NONNULL = YES;
				CLANG_ANALYZER_NUMBER_OBJECT_CONVERSION = YES_AGGRESSIVE;
				CLANG_CXX_LANGUAGE_STANDARD = "gnu++14";
				CLANG_CXX_LIBRARY = "libc++";
				CLANG_ENABLE_MODULES = YES;
				CLANG_ENABLE_OBJC_ARC = YES;
				CLANG_ENABLE_OBJC_WEAK = YES;
				CLANG_WARN_BLOCK_CAPTURE_AUTORELEASING = YES;
				CLANG_WARN_BOOL_CONVERSION = YES;
				CLANG_WARN_COMMA = YES;
				CLANG_WARN_CONSTANT_CONVERSION = YES;
				CLANG_WARN_DEPRECATED_OBJC_IMPLEMENTATIONS = YES;
				CLANG_WARN_DIRECT_OBJC_ISA_USAGE = YES_ERROR;
				CLANG_WARN_DOCUMENTATION_COMMENTS = YES;
				CLANG_WARN_EMPTY_BODY = YES;
				CLANG_WARN_ENUM_CONVERSION = YES;
				CLANG_WARN_INFINITE_RECURSION = YES;
				CLANG_WARN_INT_CONVERSION = YES;
				CLANG_WARN_NON_LITERAL_NULL_CONVERSION = YES;
				CLANG_WARN_OBJC_IMPLICIT_RETAIN_SELF = YES;
				CLANG_WARN_OBJC_LITERAL_CONVERSION = YES;
				CLANG_WARN_OBJC_ROOT_CLASS = YES_ERROR;
				CLANG_WARN_RANGE_LOOP_ANALYSIS = YES;
				CLANG_WARN_STRICT_PROTOTYPES = YES;
				CLANG_WARN_SUSPICIOUS_MOVE = YES;
				CLANG_WARN_UNGUARDED_AVAILABILITY = YES_AGGRESSIVE;
				CLANG_WARN_UNREACHABLE_CODE = YES;
				CLANG_WARN__DUPLICATE_METHOD_MATCH = YES;
				CODE_SIGN_IDENTITY = "iPhone Developer";
				COPY_PHASE_STRIP = NO;
				DEBUG_INFORMATION_FORMAT = "dwarf-with-dsym";
				ENABLE_NS_ASSERTIONS = NO;
				ENABLE_STRICT_OBJC_MSGSEND = YES;
				GCC_C_LANGUAGE_STANDARD = gnu11;
				GCC_NO_COMMON_BLOCKS = YES;
				GCC_WARN_64_TO_32_BIT_CONVERSION = YES;
				GCC_WARN_ABOUT_RETURN_TYPE = YES_ERROR;
				GCC_WARN_UNDECLARED_SELECTOR = YES;
				GCC_WARN_UNINITIALIZED_AUTOS = YES_AGGRESSIVE;
				GCC_WARN_UNUSED_FUNCTION = YES;
				GCC_WARN_UNUSED_VARIABLE = YES;
				IPHONEOS_DEPLOYMENT_TARGET = 10.0;
				MTL_ENABLE_DEBUG_INFO = NO;
				MTL_FAST_MATH = YES;
				SDKROOT = iphoneos;
				SWIFT_COMPILATION_MODE = wholemodule;
				SWIFT_OPTIMIZATION_LEVEL = "-O";
				VALIDATE_PRODUCT = YES;
				VERSIONING_SYSTEM = "apple-generic";
			};
			name = Release;
		};
		F4D00D9B21A9BEA400649DC5 /* Debug */ = {
			isa = XCBuildConfiguration;
			baseConfigurationReference = 70078B5D1A219AB4C09476CD /* Pods-Paragliding.debug.xcconfig */;
			buildSettings = {
				ASSETCATALOG_COMPILER_APPICON_NAME = AppIcon;
				CODE_SIGN_STYLE = Automatic;
				CURRENT_PROJECT_VERSION = 22;
				DEVELOPMENT_TEAM = 2J52VZUHYB;
				INFOPLIST_FILE = Paragliding/Info.plist;
				IPHONEOS_DEPLOYMENT_TARGET = 10.0;
				LD_RUNPATH_SEARCH_PATHS = (
					"$(inherited)",
					"@executable_path/Frameworks",
				);
				PRODUCT_BUNDLE_IDENTIFIER = stephane.azzopardi.Paragliding;
				PRODUCT_NAME = "$(TARGET_NAME)";
				SWIFT_VERSION = 4.2;
				TARGETED_DEVICE_FAMILY = "1,2";
				VERSIONING_SYSTEM = "apple-generic";
			};
			name = Debug;
		};
		F4D00D9C21A9BEA400649DC5 /* Release */ = {
			isa = XCBuildConfiguration;
			baseConfigurationReference = 5E6B736CF89E84A411195B74 /* Pods-Paragliding.release.xcconfig */;
			buildSettings = {
				ASSETCATALOG_COMPILER_APPICON_NAME = AppIcon;
				CODE_SIGN_STYLE = Automatic;
				CURRENT_PROJECT_VERSION = 22;
				DEVELOPMENT_TEAM = 2J52VZUHYB;
				INFOPLIST_FILE = Paragliding/Info.plist;
				IPHONEOS_DEPLOYMENT_TARGET = 10.0;
				LD_RUNPATH_SEARCH_PATHS = (
					"$(inherited)",
					"@executable_path/Frameworks",
				);
				PRODUCT_BUNDLE_IDENTIFIER = stephane.azzopardi.Paragliding;
				PRODUCT_NAME = "$(TARGET_NAME)";
				SWIFT_VERSION = 4.2;
				TARGETED_DEVICE_FAMILY = "1,2";
				VERSIONING_SYSTEM = "apple-generic";
			};
			name = Release;
		};
/* End XCBuildConfiguration section */

/* Begin XCConfigurationList section */
		F4D00D8321A9BEA400649DC5 /* Build configuration list for PBXProject "Paragliding" */ = {
			isa = XCConfigurationList;
			buildConfigurations = (
				F4D00D9821A9BEA400649DC5 /* Debug */,
				F4D00D9921A9BEA400649DC5 /* Release */,
			);
			defaultConfigurationIsVisible = 0;
			defaultConfigurationName = Release;
		};
		F4D00D9A21A9BEA400649DC5 /* Build configuration list for PBXNativeTarget "Paragliding" */ = {
			isa = XCConfigurationList;
			buildConfigurations = (
				F4D00D9B21A9BEA400649DC5 /* Debug */,
				F4D00D9C21A9BEA400649DC5 /* Release */,
			);
			defaultConfigurationIsVisible = 0;
			defaultConfigurationName = Release;
		};
/* End XCConfigurationList section */
	};
	rootObject = F4D00D8021A9BEA400649DC5 /* Project object */;
}
