// !$*UTF8*$!
{
	archiveVersion = 1;
	classes = {
	};
	objectVersion = 50;
	objects = {

/* Begin PBXBuildFile section */
		BFFAFB00983779B7B9AF7550 /* Pods_Paragliding.framework in Frameworks */ = {isa = PBXBuildFile; fileRef = 270DCC5434EF734E66F6272D /* Pods_Paragliding.framework */; };
		F459FAD321AF556E007BD86C /* AppDelegate.swift in Sources */ = {isa = PBXBuildFile; fileRef = F459FAD221AF556E007BD86C /* AppDelegate.swift */; };
		F4BDE66D21B5E7C200E7FA39 /* Site.swift in Sources */ = {isa = PBXBuildFile; fileRef = F4BDE66C21B5E7C200E7FA39 /* Site.swift */; };
		F4BDE66F21B5F0F400E7FA39 /* FFVLSite.swift in Sources */ = {isa = PBXBuildFile; fileRef = F4BDE66E21B5F0F400E7FA39 /* FFVLSite.swift */; };
		F4D00D9121A9BEA400649DC5 /* Main.storyboard in Resources */ = {isa = PBXBuildFile; fileRef = F4D00D8F21A9BEA400649DC5 /* Main.storyboard */; };
		F4D00D9321A9BEA400649DC5 /* Assets.xcassets in Resources */ = {isa = PBXBuildFile; fileRef = F4D00D9221A9BEA400649DC5 /* Assets.xcassets */; };
		F4D00D9621A9BEA400649DC5 /* LaunchScreen.storyboard in Resources */ = {isa = PBXBuildFile; fileRef = F4D00D9421A9BEA400649DC5 /* LaunchScreen.storyboard */; };
		F4E384B721B1FFAB009FF8C1 /* Map.storyboard in Resources */ = {isa = PBXBuildFile; fileRef = F4E384B621B1FFAB009FF8C1 /* Map.storyboard */; };
		F4F9F60D21B713230061DA48 /* FFVLAPI.swift in Sources */ = {isa = PBXBuildFile; fileRef = F4F9F60C21B713230061DA48 /* FFVLAPI.swift */; };
		F4F9F61021B719040061DA48 /* getSites.json in Resources */ = {isa = PBXBuildFile; fileRef = F4F9F60F21B719040061DA48 /* getSites.json */; };
		F4F9F61221B71ABA0061DA48 /* MapViewController.swift in Sources */ = {isa = PBXBuildFile; fileRef = F4F9F61121B71ABA0061DA48 /* MapViewController.swift */; };
		F4F9F61521B71D230061DA48 /* APIHelper.swift in Sources */ = {isa = PBXBuildFile; fileRef = F4F9F61421B71D230061DA48 /* APIHelper.swift */; };
/* End PBXBuildFile section */

/* Begin PBXFileReference section */
		270DCC5434EF734E66F6272D /* Pods_Paragliding.framework */ = {isa = PBXFileReference; explicitFileType = wrapper.framework; includeInIndex = 0; path = Pods_Paragliding.framework; sourceTree = BUILT_PRODUCTS_DIR; };
		5E6B736CF89E84A411195B74 /* Pods-Paragliding.release.xcconfig */ = {isa = PBXFileReference; includeInIndex = 1; lastKnownFileType = text.xcconfig; name = "Pods-Paragliding.release.xcconfig"; path = "Pods/Target Support Files/Pods-Paragliding/Pods-Paragliding.release.xcconfig"; sourceTree = "<group>"; };
		70078B5D1A219AB4C09476CD /* Pods-Paragliding.debug.xcconfig */ = {isa = PBXFileReference; includeInIndex = 1; lastKnownFileType = text.xcconfig; name = "Pods-Paragliding.debug.xcconfig"; path = "Pods/Target Support Files/Pods-Paragliding/Pods-Paragliding.debug.xcconfig"; sourceTree = "<group>"; };
		F459FAD221AF556E007BD86C /* AppDelegate.swift */ = {isa = PBXFileReference; fileEncoding = 4; lastKnownFileType = sourcecode.swift; path = AppDelegate.swift; sourceTree = "<group>"; };
		F4BDE66C21B5E7C200E7FA39 /* Site.swift */ = {isa = PBXFileReference; lastKnownFileType = sourcecode.swift; path = Site.swift; sourceTree = "<group>"; };
		F4BDE66E21B5F0F400E7FA39 /* FFVLSite.swift */ = {isa = PBXFileReference; lastKnownFileType = sourcecode.swift; path = FFVLSite.swift; sourceTree = "<group>"; };
		F4D00D8821A9BEA400649DC5 /* Paragliding.app */ = {isa = PBXFileReference; explicitFileType = wrapper.application; includeInIndex = 0; path = Paragliding.app; sourceTree = BUILT_PRODUCTS_DIR; };
		F4D00D9021A9BEA400649DC5 /* Base */ = {isa = PBXFileReference; lastKnownFileType = file.storyboard; name = Base; path = Base.lproj/Main.storyboard; sourceTree = "<group>"; };
		F4D00D9221A9BEA400649DC5 /* Assets.xcassets */ = {isa = PBXFileReference; lastKnownFileType = folder.assetcatalog; path = Assets.xcassets; sourceTree = "<group>"; };
		F4D00D9521A9BEA400649DC5 /* Base */ = {isa = PBXFileReference; lastKnownFileType = file.storyboard; name = Base; path = Base.lproj/LaunchScreen.storyboard; sourceTree = "<group>"; };
		F4D00D9721A9BEA400649DC5 /* Info.plist */ = {isa = PBXFileReference; lastKnownFileType = text.plist.xml; path = Info.plist; sourceTree = "<group>"; };
		F4E384B621B1FFAB009FF8C1 /* Map.storyboard */ = {isa = PBXFileReference; lastKnownFileType = file.storyboard; path = Map.storyboard; sourceTree = "<group>"; };
		F4E384B821B20BE9009FF8C1 /* README.md */ = {isa = PBXFileReference; lastKnownFileType = net.daringfireball.markdown; path = README.md; sourceTree = "<group>"; };
		F4F9F60C21B713230061DA48 /* FFVLAPI.swift */ = {isa = PBXFileReference; lastKnownFileType = sourcecode.swift; path = FFVLAPI.swift; sourceTree = "<group>"; };
		F4F9F60F21B719040061DA48 /* getSites.json */ = {isa = PBXFileReference; lastKnownFileType = text.json; path = getSites.json; sourceTree = "<group>"; };
		F4F9F61121B71ABA0061DA48 /* MapViewController.swift */ = {isa = PBXFileReference; lastKnownFileType = sourcecode.swift; path = MapViewController.swift; sourceTree = "<group>"; };
		F4F9F61421B71D230061DA48 /* APIHelper.swift */ = {isa = PBXFileReference; lastKnownFileType = sourcecode.swift; path = APIHelper.swift; sourceTree = "<group>"; };
/* End PBXFileReference section */

/* Begin PBXFrameworksBuildPhase section */
		F4D00D8521A9BEA400649DC5 /* Frameworks */ = {
			isa = PBXFrameworksBuildPhase;
			buildActionMask = 2147483647;
			files = (
				BFFAFB00983779B7B9AF7550 /* Pods_Paragliding.framework in Frameworks */,
			);
			runOnlyForDeploymentPostprocessing = 0;
		};
/* End PBXFrameworksBuildPhase section */

/* Begin PBXGroup section */
		2406BF66A46008D1C8E36E74 /* Frameworks */ = {
			isa = PBXGroup;
			children = (
				270DCC5434EF734E66F6272D /* Pods_Paragliding.framework */,
			);
			name = Frameworks;
			sourceTree = "<group>";
		};
		6ADC87A38203B569F93743FF /* Pods */ = {
			isa = PBXGroup;
			children = (
				70078B5D1A219AB4C09476CD /* Pods-Paragliding.debug.xcconfig */,
				5E6B736CF89E84A411195B74 /* Pods-Paragliding.release.xcconfig */,
			);
			name = Pods;
			sourceTree = "<group>";
		};
		F459FAD421AF55D0007BD86C /* Resources */ = {
			isa = PBXGroup;
			children = (
				F4D00D8F21A9BEA400649DC5 /* Main.storyboard */,
				F4D00D9421A9BEA400649DC5 /* LaunchScreen.storyboard */,
				F459FAD221AF556E007BD86C /* AppDelegate.swift */,
				F4D00D9221A9BEA400649DC5 /* Assets.xcassets */,
			);
			path = Resources;
			sourceTree = "<group>";
		};
		F4BDE67021B5F18C00E7FA39 /* Sites */ = {
			isa = PBXGroup;
			children = (
				F4BDE66C21B5E7C200E7FA39 /* Site.swift */,
				F4BDE66E21B5F0F400E7FA39 /* FFVLSite.swift */,
			);
			path = Sites;
			sourceTree = "<group>";
		};
		F4D00D7F21A9BEA400649DC5 = {
			isa = PBXGroup;
			children = (
				F4D00D8A21A9BEA400649DC5 /* Paragliding */,
				F4D00D8921A9BEA400649DC5 /* Products */,
				6ADC87A38203B569F93743FF /* Pods */,
				2406BF66A46008D1C8E36E74 /* Frameworks */,
			);
			sourceTree = "<group>";
		};
		F4D00D8921A9BEA400649DC5 /* Products */ = {
			isa = PBXGroup;
			children = (
				F4D00D8821A9BEA400649DC5 /* Paragliding.app */,
			);
			name = Products;
			sourceTree = "<group>";
		};
		F4D00D8A21A9BEA400649DC5 /* Paragliding */ = {
			isa = PBXGroup;
			children = (
				F4D00D9721A9BEA400649DC5 /* Info.plist */,
				F4F9F60B21B712FA0061DA48 /* Network */,
				F4E384B121B1FD09009FF8C1 /* Model */,
				F4E384B221B1FD0F009FF8C1 /* View */,
				F4E384B321B1FD15009FF8C1 /* ViewModel */,
				F4E384B421B1FD4E009FF8C1 /* Helper */,
				F459FAD421AF55D0007BD86C /* Resources */,
				F4E384B821B20BE9009FF8C1 /* README.md */,
			);
			path = Paragliding;
			sourceTree = "<group>";
		};
		F4E384B121B1FD09009FF8C1 /* Model */ = {
			isa = PBXGroup;
			children = (
				F4BDE67021B5F18C00E7FA39 /* Sites */,
			);
			path = Model;
			sourceTree = "<group>";
		};
		F4E384B221B1FD0F009FF8C1 /* View */ = {
			isa = PBXGroup;
			children = (
				F4E384B621B1FFAB009FF8C1 /* Map.storyboard */,
				F4F9F61121B71ABA0061DA48 /* MapViewController.swift */,
			);
			path = View;
			sourceTree = "<group>";
		};
		F4E384B321B1FD15009FF8C1 /* ViewModel */ = {
			isa = PBXGroup;
			children = (
			);
			path = ViewModel;
			sourceTree = "<group>";
		};
		F4E384B421B1FD4E009FF8C1 /* Helper */ = {
			isa = PBXGroup;
			children = (
			);
			path = Helper;
			sourceTree = "<group>";
		};
		F4F9F60B21B712FA0061DA48 /* Network */ = {
			isa = PBXGroup;
			children = (
				F4F9F61421B71D230061DA48 /* APIHelper.swift */,
				F4F9F61321B71CFD0061DA48 /* APIProviders */,
			);
			path = Network;
			sourceTree = "<group>";
		};
		F4F9F60E21B718590061DA48 /* Stubs */ = {
			isa = PBXGroup;
			children = (
				F4F9F60F21B719040061DA48 /* getSites.json */,
			);
			path = Stubs;
			sourceTree = "<group>";
		};
		F4F9F61321B71CFD0061DA48 /* APIProviders */ = {
			isa = PBXGroup;
			children = (
				F4F9F60C21B713230061DA48 /* FFVLAPI.swift */,
				F4F9F60E21B718590061DA48 /* Stubs */,
			);
			path = APIProviders;
			sourceTree = "<group>";
		};
/* End PBXGroup section */

/* Begin PBXNativeTarget section */
		F4D00D8721A9BEA400649DC5 /* Paragliding */ = {
			isa = PBXNativeTarget;
			buildConfigurationList = F4D00D9A21A9BEA400649DC5 /* Build configuration list for PBXNativeTarget "Paragliding" */;
			buildPhases = (
				54787E8FC1168C2389B0FAAD /* [CP] Check Pods Manifest.lock */,
				F4D00D8421A9BEA400649DC5 /* Sources */,
				F4D00D8521A9BEA400649DC5 /* Frameworks */,
				F4D00D8621A9BEA400649DC5 /* Resources */,
				283E755D54D165A0D1B51B2B /* [CP] Embed Pods Frameworks */,
			);
			buildRules = (
			);
			dependencies = (
			);
			name = Paragliding;
			productName = Paragliding;
			productReference = F4D00D8821A9BEA400649DC5 /* Paragliding.app */;
			productType = "com.apple.product-type.application";
		};
/* End PBXNativeTarget section */

/* Begin PBXProject section */
		F4D00D8021A9BEA400649DC5 /* Project object */ = {
			isa = PBXProject;
			attributes = {
				LastSwiftUpdateCheck = 1010;
				LastUpgradeCheck = 1010;
				ORGANIZATIONNAME = "Stéphane Azzopardi";
				TargetAttributes = {
					F4D00D8721A9BEA400649DC5 = {
						CreatedOnToolsVersion = 10.1;
					};
				};
			};
			buildConfigurationList = F4D00D8321A9BEA400649DC5 /* Build configuration list for PBXProject "Paragliding" */;
			compatibilityVersion = "Xcode 9.3";
			developmentRegion = en;
			hasScannedForEncodings = 0;
			knownRegions = (
				en,
				Base,
			);
			mainGroup = F4D00D7F21A9BEA400649DC5;
			productRefGroup = F4D00D8921A9BEA400649DC5 /* Products */;
			projectDirPath = "";
			projectRoot = "";
			targets = (
				F4D00D8721A9BEA400649DC5 /* Paragliding */,
			);
		};
/* End PBXProject section */

/* Begin PBXResourcesBuildPhase section */
		F4D00D8621A9BEA400649DC5 /* Resources */ = {
			isa = PBXResourcesBuildPhase;
			buildActionMask = 2147483647;
			files = (
				F4D00D9621A9BEA400649DC5 /* LaunchScreen.storyboard in Resources */,
				F4D00D9321A9BEA400649DC5 /* Assets.xcassets in Resources */,
				F4F9F61021B719040061DA48 /* getSites.json in Resources */,
				F4D00D9121A9BEA400649DC5 /* Main.storyboard in Resources */,
				F4E384B721B1FFAB009FF8C1 /* Map.storyboard in Resources */,
			);
			runOnlyForDeploymentPostprocessing = 0;
		};
/* End PBXResourcesBuildPhase section */

/* Begin PBXShellScriptBuildPhase section */
		283E755D54D165A0D1B51B2B /* [CP] Embed Pods Frameworks */ = {
			isa = PBXShellScriptBuildPhase;
			buildActionMask = 2147483647;
			files = (
			);
			inputFileListPaths = (
			);
			inputPaths = (
				"${SRCROOT}/Pods/Target Support Files/Pods-Paragliding/Pods-Paragliding-frameworks.sh",
				"${BUILT_PRODUCTS_DIR}/Alamofire/Alamofire.framework",
				"${BUILT_PRODUCTS_DIR}/Moya/Moya.framework",
				"${BUILT_PRODUCTS_DIR}/Moya-SwiftyJSONMapper/Moya_SwiftyJSONMapper.framework",
				"${BUILT_PRODUCTS_DIR}/Result/Result.framework",
				"${BUILT_PRODUCTS_DIR}/SwifterSwift/SwifterSwift.framework",
				"${BUILT_PRODUCTS_DIR}/SwiftyJSON/SwiftyJSON.framework",
			);
			name = "[CP] Embed Pods Frameworks";
			outputFileListPaths = (
			);
			outputPaths = (
				"${TARGET_BUILD_DIR}/${FRAMEWORKS_FOLDER_PATH}/Alamofire.framework",
				"${TARGET_BUILD_DIR}/${FRAMEWORKS_FOLDER_PATH}/Moya.framework",
				"${TARGET_BUILD_DIR}/${FRAMEWORKS_FOLDER_PATH}/Moya_SwiftyJSONMapper.framework",
				"${TARGET_BUILD_DIR}/${FRAMEWORKS_FOLDER_PATH}/Result.framework",
				"${TARGET_BUILD_DIR}/${FRAMEWORKS_FOLDER_PATH}/SwifterSwift.framework",
				"${TARGET_BUILD_DIR}/${FRAMEWORKS_FOLDER_PATH}/SwiftyJSON.framework",
			);
			runOnlyForDeploymentPostprocessing = 0;
			shellPath = /bin/sh;
			shellScript = "\"${SRCROOT}/Pods/Target Support Files/Pods-Paragliding/Pods-Paragliding-frameworks.sh\"\n";
			showEnvVarsInLog = 0;
		};
		54787E8FC1168C2389B0FAAD /* [CP] Check Pods Manifest.lock */ = {
			isa = PBXShellScriptBuildPhase;
			buildActionMask = 2147483647;
			files = (
			);
			inputFileListPaths = (
			);
			inputPaths = (
				"${PODS_PODFILE_DIR_PATH}/Podfile.lock",
				"${PODS_ROOT}/Manifest.lock",
			);
			name = "[CP] Check Pods Manifest.lock";
			outputFileListPaths = (
			);
			outputPaths = (
				"$(DERIVED_FILE_DIR)/Pods-Paragliding-checkManifestLockResult.txt",
			);
			runOnlyForDeploymentPostprocessing = 0;
			shellPath = /bin/sh;
			shellScript = "diff \"${PODS_PODFILE_DIR_PATH}/Podfile.lock\" \"${PODS_ROOT}/Manifest.lock\" > /dev/null\nif [ $? != 0 ] ; then\n    # print error to STDERR\n    echo \"error: The sandbox is not in sync with the Podfile.lock. Run 'pod install' or update your CocoaPods installation.\" >&2\n    exit 1\nfi\n# This output is used by Xcode 'outputs' to avoid re-running this script phase.\necho \"SUCCESS\" > \"${SCRIPT_OUTPUT_FILE_0}\"\n";
			showEnvVarsInLog = 0;
		};
/* End PBXShellScriptBuildPhase section */

/* Begin PBXSourcesBuildPhase section */
		F4D00D8421A9BEA400649DC5 /* Sources */ = {
			isa = PBXSourcesBuildPhase;
			buildActionMask = 2147483647;
			files = (
				F4F9F61521B71D230061DA48 /* APIHelper.swift in Sources */,
				F4BDE66D21B5E7C200E7FA39 /* Site.swift in Sources */,
				F459FAD321AF556E007BD86C /* AppDelegate.swift in Sources */,
				F4BDE66F21B5F0F400E7FA39 /* FFVLSite.swift in Sources */,
				F4F9F61221B71ABA0061DA48 /* MapViewController.swift in Sources */,
				F4F9F60D21B713230061DA48 /* FFVLAPI.swift in Sources */,
			);
			runOnlyForDeploymentPostprocessing = 0;
		};
/* End PBXSourcesBuildPhase section */

/* Begin PBXVariantGroup section */
		F4D00D8F21A9BEA400649DC5 /* Main.storyboard */ = {
			isa = PBXVariantGroup;
			children = (
				F4D00D9021A9BEA400649DC5 /* Base */,
			);
			name = Main.storyboard;
			sourceTree = "<group>";
		};
		F4D00D9421A9BEA400649DC5 /* LaunchScreen.storyboard */ = {
			isa = PBXVariantGroup;
			children = (
				F4D00D9521A9BEA400649DC5 /* Base */,
			);
			name = LaunchScreen.storyboard;
			sourceTree = "<group>";
		};
/* End PBXVariantGroup section */

/* Begin XCBuildConfiguration section */
		F4D00D9821A9BEA400649DC5 /* Debug */ = {
			isa = XCBuildConfiguration;
			buildSettings = {
				ALWAYS_SEARCH_USER_PATHS = NO;
				CLANG_ANALYZER_NONNULL = YES;
				CLANG_ANALYZER_NUMBER_OBJECT_CONVERSION = YES_AGGRESSIVE;
				CLANG_CXX_LANGUAGE_STANDARD = "gnu++14";
				CLANG_CXX_LIBRARY = "libc++";
				CLANG_ENABLE_MODULES = YES;
				CLANG_ENABLE_OBJC_ARC = YES;
				CLANG_ENABLE_OBJC_WEAK = YES;
				CLANG_WARN_BLOCK_CAPTURE_AUTORELEASING = YES;
				CLANG_WARN_BOOL_CONVERSION = YES;
				CLANG_WARN_COMMA = YES;
				CLANG_WARN_CONSTANT_CONVERSION = YES;
				CLANG_WARN_DEPRECATED_OBJC_IMPLEMENTATIONS = YES;
				CLANG_WARN_DIRECT_OBJC_ISA_USAGE = YES_ERROR;
				CLANG_WARN_DOCUMENTATION_COMMENTS = YES;
				CLANG_WARN_EMPTY_BODY = YES;
				CLANG_WARN_ENUM_CONVERSION = YES;
				CLANG_WARN_INFINITE_RECURSION = YES;
				CLANG_WARN_INT_CONVERSION = YES;
				CLANG_WARN_NON_LITERAL_NULL_CONVERSION = YES;
				CLANG_WARN_OBJC_IMPLICIT_RETAIN_SELF = YES;
				CLANG_WARN_OBJC_LITERAL_CONVERSION = YES;
				CLANG_WARN_OBJC_ROOT_CLASS = YES_ERROR;
				CLANG_WARN_RANGE_LOOP_ANALYSIS = YES;
				CLANG_WARN_STRICT_PROTOTYPES = YES;
				CLANG_WARN_SUSPICIOUS_MOVE = YES;
				CLANG_WARN_UNGUARDED_AVAILABILITY = YES_AGGRESSIVE;
				CLANG_WARN_UNREACHABLE_CODE = YES;
				CLANG_WARN__DUPLICATE_METHOD_MATCH = YES;
				CODE_SIGN_IDENTITY = "iPhone Developer";
				COPY_PHASE_STRIP = NO;
				DEBUG_INFORMATION_FORMAT = dwarf;
				ENABLE_STRICT_OBJC_MSGSEND = YES;
				ENABLE_TESTABILITY = YES;
				GCC_C_LANGUAGE_STANDARD = gnu11;
				GCC_DYNAMIC_NO_PIC = NO;
				GCC_NO_COMMON_BLOCKS = YES;
				GCC_OPTIMIZATION_LEVEL = 0;
				GCC_PREPROCESSOR_DEFINITIONS = (
					"DEBUG=1",
					"$(inherited)",
				);
				GCC_WARN_64_TO_32_BIT_CONVERSION = YES;
				GCC_WARN_ABOUT_RETURN_TYPE = YES_ERROR;
				GCC_WARN_UNDECLARED_SELECTOR = YES;
				GCC_WARN_UNINITIALIZED_AUTOS = YES_AGGRESSIVE;
				GCC_WARN_UNUSED_FUNCTION = YES;
				GCC_WARN_UNUSED_VARIABLE = YES;
				IPHONEOS_DEPLOYMENT_TARGET = 10.0;
				MTL_ENABLE_DEBUG_INFO = INCLUDE_SOURCE;
				MTL_FAST_MATH = YES;
				ONLY_ACTIVE_ARCH = YES;
				SDKROOT = iphoneos;
				SWIFT_ACTIVE_COMPILATION_CONDITIONS = DEBUG;
				SWIFT_OPTIMIZATION_LEVEL = "-Onone";
			};
			name = Debug;
		};
		F4D00D9921A9BEA400649DC5 /* Release */ = {
			isa = XCBuildConfiguration;
			buildSettings = {
				ALWAYS_SEARCH_USER_PATHS = NO;
				CLANG_ANALYZER_NONNULL = YES;
				CLANG_ANALYZER_NUMBER_OBJECT_CONVERSION = YES_AGGRESSIVE;
				CLANG_CXX_LANGUAGE_STANDARD = "gnu++14";
				CLANG_CXX_LIBRARY = "libc++";
				CLANG_ENABLE_MODULES = YES;
				CLANG_ENABLE_OBJC_ARC = YES;
				CLANG_ENABLE_OBJC_WEAK = YES;
				CLANG_WARN_BLOCK_CAPTURE_AUTORELEASING = YES;
				CLANG_WARN_BOOL_CONVERSION = YES;
				CLANG_WARN_COMMA = YES;
				CLANG_WARN_CONSTANT_CONVERSION = YES;
				CLANG_WARN_DEPRECATED_OBJC_IMPLEMENTATIONS = YES;
				CLANG_WARN_DIRECT_OBJC_ISA_USAGE = YES_ERROR;
				CLANG_WARN_DOCUMENTATION_COMMENTS = YES;
				CLANG_WARN_EMPTY_BODY = YES;
				CLANG_WARN_ENUM_CONVERSION = YES;
				CLANG_WARN_INFINITE_RECURSION = YES;
				CLANG_WARN_INT_CONVERSION = YES;
				CLANG_WARN_NON_LITERAL_NULL_CONVERSION = YES;
				CLANG_WARN_OBJC_IMPLICIT_RETAIN_SELF = YES;
				CLANG_WARN_OBJC_LITERAL_CONVERSION = YES;
				CLANG_WARN_OBJC_ROOT_CLASS = YES_ERROR;
				CLANG_WARN_RANGE_LOOP_ANALYSIS = YES;
				CLANG_WARN_STRICT_PROTOTYPES = YES;
				CLANG_WARN_SUSPICIOUS_MOVE = YES;
				CLANG_WARN_UNGUARDED_AVAILABILITY = YES_AGGRESSIVE;
				CLANG_WARN_UNREACHABLE_CODE = YES;
				CLANG_WARN__DUPLICATE_METHOD_MATCH = YES;
				CODE_SIGN_IDENTITY = "iPhone Developer";
				COPY_PHASE_STRIP = NO;
				DEBUG_INFORMATION_FORMAT = "dwarf-with-dsym";
				ENABLE_NS_ASSERTIONS = NO;
				ENABLE_STRICT_OBJC_MSGSEND = YES;
				GCC_C_LANGUAGE_STANDARD = gnu11;
				GCC_NO_COMMON_BLOCKS = YES;
				GCC_WARN_64_TO_32_BIT_CONVERSION = YES;
				GCC_WARN_ABOUT_RETURN_TYPE = YES_ERROR;
				GCC_WARN_UNDECLARED_SELECTOR = YES;
				GCC_WARN_UNINITIALIZED_AUTOS = YES_AGGRESSIVE;
				GCC_WARN_UNUSED_FUNCTION = YES;
				GCC_WARN_UNUSED_VARIABLE = YES;
				IPHONEOS_DEPLOYMENT_TARGET = 10.0;
				MTL_ENABLE_DEBUG_INFO = NO;
				MTL_FAST_MATH = YES;
				SDKROOT = iphoneos;
				SWIFT_COMPILATION_MODE = wholemodule;
				SWIFT_OPTIMIZATION_LEVEL = "-O";
				VALIDATE_PRODUCT = YES;
			};
			name = Release;
		};
		F4D00D9B21A9BEA400649DC5 /* Debug */ = {
			isa = XCBuildConfiguration;
			baseConfigurationReference = 70078B5D1A219AB4C09476CD /* Pods-Paragliding.debug.xcconfig */;
			buildSettings = {
				ASSETCATALOG_COMPILER_APPICON_NAME = AppIcon;
				CODE_SIGN_STYLE = Automatic;
				DEVELOPMENT_TEAM = 2J52VZUHYB;
				INFOPLIST_FILE = Paragliding/Info.plist;
				IPHONEOS_DEPLOYMENT_TARGET = 10.0;
				LD_RUNPATH_SEARCH_PATHS = (
					"$(inherited)",
					"@executable_path/Frameworks",
				);
				PRODUCT_BUNDLE_IDENTIFIER = stephane.azzopardi.Paragliding;
				PRODUCT_NAME = "$(TARGET_NAME)";
				SWIFT_VERSION = 4.2;
				TARGETED_DEVICE_FAMILY = "1,2";
			};
			name = Debug;
		};
		F4D00D9C21A9BEA400649DC5 /* Release */ = {
			isa = XCBuildConfiguration;
			baseConfigurationReference = 5E6B736CF89E84A411195B74 /* Pods-Paragliding.release.xcconfig */;
			buildSettings = {
				ASSETCATALOG_COMPILER_APPICON_NAME = AppIcon;
				CODE_SIGN_STYLE = Automatic;
				DEVELOPMENT_TEAM = 2J52VZUHYB;
				INFOPLIST_FILE = Paragliding/Info.plist;
				IPHONEOS_DEPLOYMENT_TARGET = 10.0;
				LD_RUNPATH_SEARCH_PATHS = (
					"$(inherited)",
					"@executable_path/Frameworks",
				);
				PRODUCT_BUNDLE_IDENTIFIER = stephane.azzopardi.Paragliding;
				PRODUCT_NAME = "$(TARGET_NAME)";
				SWIFT_VERSION = 4.2;
				TARGETED_DEVICE_FAMILY = "1,2";
			};
			name = Release;
		};
/* End XCBuildConfiguration section */

/* Begin XCConfigurationList section */
		F4D00D8321A9BEA400649DC5 /* Build configuration list for PBXProject "Paragliding" */ = {
			isa = XCConfigurationList;
			buildConfigurations = (
				F4D00D9821A9BEA400649DC5 /* Debug */,
				F4D00D9921A9BEA400649DC5 /* Release */,
			);
			defaultConfigurationIsVisible = 0;
			defaultConfigurationName = Release;
		};
		F4D00D9A21A9BEA400649DC5 /* Build configuration list for PBXNativeTarget "Paragliding" */ = {
			isa = XCConfigurationList;
			buildConfigurations = (
				F4D00D9B21A9BEA400649DC5 /* Debug */,
				F4D00D9C21A9BEA400649DC5 /* Release */,
			);
			defaultConfigurationIsVisible = 0;
			defaultConfigurationName = Release;
		};
/* End XCConfigurationList section */
	};
	rootObject = F4D00D8021A9BEA400649DC5 /* Project object */;
}
